// !$*UTF8*$!
{
	archiveVersion = 1;
	classes = {
	};
	objectVersion = 51;
	objects = {

/* Begin PBXBuildFile section */
		DE2B54D24D966D97CE96968E /* Pods_testtest.framework in Frameworks */ = {isa = PBXBuildFile; fileRef = 3C637507E26C3AC6B8C51F75 /* Pods_testtest.framework */; };
		E08A4A7B25CC3B4E008C40C3 /* AppDelegate.swift in Sources */ = {isa = PBXBuildFile; fileRef = E08A4A7A25CC3B4E008C40C3 /* AppDelegate.swift */; };
		E08A4A7D25CC3B4E008C40C3 /* SceneDelegate.swift in Sources */ = {isa = PBXBuildFile; fileRef = E08A4A7C25CC3B4E008C40C3 /* SceneDelegate.swift */; };
		E08A4A7F25CC3B4E008C40C3 /* ViewController.swift in Sources */ = {isa = PBXBuildFile; fileRef = E08A4A7E25CC3B4E008C40C3 /* ViewController.swift */; };
		E08A4A8225CC3B4E008C40C3 /* Main.storyboard in Resources */ = {isa = PBXBuildFile; fileRef = E08A4A8025CC3B4E008C40C3 /* Main.storyboard */; };
		E08A4A8425CC3B4F008C40C3 /* Assets.xcassets in Resources */ = {isa = PBXBuildFile; fileRef = E08A4A8325CC3B4F008C40C3 /* Assets.xcassets */; };
		E08A4A8725CC3B4F008C40C3 /* LaunchScreen.storyboard in Resources */ = {isa = PBXBuildFile; fileRef = E08A4A8525CC3B4F008C40C3 /* LaunchScreen.storyboard */; };
		E0DD1AE625CC4291005E0746 /* ContentsVC.swift in Sources */ = {isa = PBXBuildFile; fileRef = E0DD1AE525CC4291005E0746 /* ContentsVC.swift */; };
/* End PBXBuildFile section */

/* Begin PBXFileReference section */
		3C637507E26C3AC6B8C51F75 /* Pods_testtest.framework */ = {isa = PBXFileReference; explicitFileType = wrapper.framework; includeInIndex = 0; path = Pods_testtest.framework; sourceTree = BUILT_PRODUCTS_DIR; };
		4EB98F1E2923E070944FB9FB /* Pods-testtest.release.xcconfig */ = {isa = PBXFileReference; includeInIndex = 1; lastKnownFileType = text.xcconfig; name = "Pods-testtest.release.xcconfig"; path = "Target Support Files/Pods-testtest/Pods-testtest.release.xcconfig"; sourceTree = "<group>"; };
		7B9FD1A2933AAAB4C38F02B9 /* Pods-testtest.debug.xcconfig */ = {isa = PBXFileReference; includeInIndex = 1; lastKnownFileType = text.xcconfig; name = "Pods-testtest.debug.xcconfig"; path = "Target Support Files/Pods-testtest/Pods-testtest.debug.xcconfig"; sourceTree = "<group>"; };
		E08A4A7725CC3B4E008C40C3 /* testtest.app */ = {isa = PBXFileReference; explicitFileType = wrapper.application; includeInIndex = 0; path = testtest.app; sourceTree = BUILT_PRODUCTS_DIR; };
		E08A4A7A25CC3B4E008C40C3 /* AppDelegate.swift */ = {isa = PBXFileReference; lastKnownFileType = sourcecode.swift; path = AppDelegate.swift; sourceTree = "<group>"; };
		E08A4A7C25CC3B4E008C40C3 /* SceneDelegate.swift */ = {isa = PBXFileReference; lastKnownFileType = sourcecode.swift; path = SceneDelegate.swift; sourceTree = "<group>"; };
		E08A4A7E25CC3B4E008C40C3 /* ViewController.swift */ = {isa = PBXFileReference; lastKnownFileType = sourcecode.swift; path = ViewController.swift; sourceTree = "<group>"; };
		E08A4A8125CC3B4E008C40C3 /* Base */ = {isa = PBXFileReference; lastKnownFileType = file.storyboard; name = Base; path = Base.lproj/Main.storyboard; sourceTree = "<group>"; };
		E08A4A8325CC3B4F008C40C3 /* Assets.xcassets */ = {isa = PBXFileReference; lastKnownFileType = folder.assetcatalog; path = Assets.xcassets; sourceTree = "<group>"; };
		E08A4A8625CC3B4F008C40C3 /* Base */ = {isa = PBXFileReference; lastKnownFileType = file.storyboard; name = Base; path = Base.lproj/LaunchScreen.storyboard; sourceTree = "<group>"; };
		E08A4A8825CC3B4F008C40C3 /* Info.plist */ = {isa = PBXFileReference; lastKnownFileType = text.plist.xml; path = Info.plist; sourceTree = "<group>"; };
		E0DD1AE525CC4291005E0746 /* ContentsVC.swift */ = {isa = PBXFileReference; lastKnownFileType = sourcecode.swift; path = ContentsVC.swift; sourceTree = "<group>"; };
/* End PBXFileReference section */

/* Begin PBXFrameworksBuildPhase section */
		E08A4A7425CC3B4E008C40C3 /* Frameworks */ = {
			isa = PBXFrameworksBuildPhase;
			buildActionMask = 2147483647;
			files = (
				DE2B54D24D966D97CE96968E /* Pods_testtest.framework in Frameworks */,
			);
			runOnlyForDeploymentPostprocessing = 0;
		};
/* End PBXFrameworksBuildPhase section */

/* Begin PBXGroup section */
		4F8F392B3DBC1CF662AD6ED3 /* Pods */ = {
			isa = PBXGroup;
			children = (
				7B9FD1A2933AAAB4C38F02B9 /* Pods-testtest.debug.xcconfig */,
				4EB98F1E2923E070944FB9FB /* Pods-testtest.release.xcconfig */,
			);
			path = Pods;
			sourceTree = "<group>";
		};
		72885AD2386F3A1466630037 /* Frameworks */ = {
			isa = PBXGroup;
			children = (
				3C637507E26C3AC6B8C51F75 /* Pods_testtest.framework */,
			);
			name = Frameworks;
			sourceTree = "<group>";
		};
		E08A4A6E25CC3B4E008C40C3 = {
			isa = PBXGroup;
			children = (
				E08A4A7925CC3B4E008C40C3 /* testtest */,
				E08A4A7825CC3B4E008C40C3 /* Products */,
				4F8F392B3DBC1CF662AD6ED3 /* Pods */,
				72885AD2386F3A1466630037 /* Frameworks */,
			);
			sourceTree = "<group>";
		};
		E08A4A7825CC3B4E008C40C3 /* Products */ = {
			isa = PBXGroup;
			children = (
				E08A4A7725CC3B4E008C40C3 /* testtest.app */,
			);
			name = Products;
			sourceTree = "<group>";
		};
		E08A4A7925CC3B4E008C40C3 /* testtest */ = {
			isa = PBXGroup;
			children = (
				E08A4A7A25CC3B4E008C40C3 /* AppDelegate.swift */,
				E08A4A7C25CC3B4E008C40C3 /* SceneDelegate.swift */,
				E08A4A7E25CC3B4E008C40C3 /* ViewController.swift */,
				E0DD1AE525CC4291005E0746 /* ContentsVC.swift */,
				E08A4A8025CC3B4E008C40C3 /* Main.storyboard */,
				E08A4A8325CC3B4F008C40C3 /* Assets.xcassets */,
				E08A4A8525CC3B4F008C40C3 /* LaunchScreen.storyboard */,
				E08A4A8825CC3B4F008C40C3 /* Info.plist */,
			);
			path = testtest;
			sourceTree = "<group>";
		};
/* End PBXGroup section */

/* Begin PBXNativeTarget section */
		E08A4A7625CC3B4E008C40C3 /* testtest */ = {
			isa = PBXNativeTarget;
			buildConfigurationList = E08A4A8B25CC3B4F008C40C3 /* Build configuration list for PBXNativeTarget "testtest" */;
			buildPhases = (
				10FD5D3CA5F7B6DA515B87FD /* [CP] Check Pods Manifest.lock */,
				E08A4A7325CC3B4E008C40C3 /* Sources */,
				E08A4A7425CC3B4E008C40C3 /* Frameworks */,
				E08A4A7525CC3B4E008C40C3 /* Resources */,
				CC24C45E64EAB4A510A920F5 /* [CP] Embed Pods Frameworks */,
			);
			buildRules = (
			);
			dependencies = (
			);
			name = testtest;
			productName = testtest;
			productReference = E08A4A7725CC3B4E008C40C3 /* testtest.app */;
			productType = "com.apple.product-type.application";
		};
/* End PBXNativeTarget section */

/* Begin PBXProject section */
		E08A4A6F25CC3B4E008C40C3 /* Project object */ = {
			isa = PBXProject;
			attributes = {
				LastSwiftUpdateCheck = 1240;
				LastUpgradeCheck = 1240;
				TargetAttributes = {
					E08A4A7625CC3B4E008C40C3 = {
						CreatedOnToolsVersion = 12.4;
					};
				};
			};
			buildConfigurationList = E08A4A7225CC3B4E008C40C3 /* Build configuration list for PBXProject "testtest" */;
			compatibilityVersion = "Xcode 9.3";
			developmentRegion = en;
			hasScannedForEncodings = 0;
			knownRegions = (
				en,
				Base,
			);
			mainGroup = E08A4A6E25CC3B4E008C40C3;
			productRefGroup = E08A4A7825CC3B4E008C40C3 /* Products */;
			projectDirPath = "";
			projectRoot = "";
			targets = (
				E08A4A7625CC3B4E008C40C3 /* testtest */,
			);
		};
/* End PBXProject section */

/* Begin PBXResourcesBuildPhase section */
		E08A4A7525CC3B4E008C40C3 /* Resources */ = {
			isa = PBXResourcesBuildPhase;
			buildActionMask = 2147483647;
			files = (
				E08A4A8725CC3B4F008C40C3 /* LaunchScreen.storyboard in Resources */,
				E08A4A8425CC3B4F008C40C3 /* Assets.xcassets in Resources */,
				E08A4A8225CC3B4E008C40C3 /* Main.storyboard in Resources */,
			);
			runOnlyForDeploymentPostprocessing = 0;
		};
/* End PBXResourcesBuildPhase section */

/* Begin PBXShellScriptBuildPhase section */
		10FD5D3CA5F7B6DA515B87FD /* [CP] Check Pods Manifest.lock */ = {
			isa = PBXShellScriptBuildPhase;
			buildActionMask = 2147483647;
			files = (
			);
			inputFileListPaths = (
			);
			inputPaths = (
				"${PODS_PODFILE_DIR_PATH}/Podfile.lock",
				"${PODS_ROOT}/Manifest.lock",
			);
			name = "[CP] Check Pods Manifest.lock";
			outputFileListPaths = (
			);
			outputPaths = (
				"$(DERIVED_FILE_DIR)/Pods-testtest-checkManifestLockResult.txt",
			);
			runOnlyForDeploymentPostprocessing = 0;
			shellPath = /bin/sh;
			shellScript = "diff \"${PODS_PODFILE_DIR_PATH}/Podfile.lock\" \"${PODS_ROOT}/Manifest.lock\" > /dev/null\nif [ $? != 0 ] ; then\n    # print error to STDERR\n    echo \"error: The sandbox is not in sync with the Podfile.lock. Run 'pod install' or update your CocoaPods installation.\" >&2\n    exit 1\nfi\n# This output is used by Xcode 'outputs' to avoid re-running this script phase.\necho \"SUCCESS\" > \"${SCRIPT_OUTPUT_FILE_0}\"\n";
			showEnvVarsInLog = 0;
		};
		CC24C45E64EAB4A510A920F5 /* [CP] Embed Pods Frameworks */ = {
			isa = PBXShellScriptBuildPhase;
			buildActionMask = 2147483647;
			files = (
			);
			inputFileListPaths = (
				"${PODS_ROOT}/Target Support Files/Pods-testtest/Pods-testtest-frameworks-${CONFIGURATION}-input-files.xcfilelist",
			);
			name = "[CP] Embed Pods Frameworks";
			outputFileListPaths = (
				"${PODS_ROOT}/Target Support Files/Pods-testtest/Pods-testtest-frameworks-${CONFIGURATION}-output-files.xcfilelist",
			);
			runOnlyForDeploymentPostprocessing = 0;
			shellPath = /bin/sh;
			shellScript = "\"${PODS_ROOT}/Target Support Files/Pods-testtest/Pods-testtest-frameworks.sh\"\n";
			showEnvVarsInLog = 0;
		};
/* End PBXShellScriptBuildPhase section */

/* Begin PBXSourcesBuildPhase section */
		E08A4A7325CC3B4E008C40C3 /* Sources */ = {
			isa = PBXSourcesBuildPhase;
			buildActionMask = 2147483647;
			files = (
				E08A4A7F25CC3B4E008C40C3 /* ViewController.swift in Sources */,
				E08A4A7B25CC3B4E008C40C3 /* AppDelegate.swift in Sources */,
				E0DD1AE625CC4291005E0746 /* ContentsVC.swift in Sources */,
				E08A4A7D25CC3B4E008C40C3 /* SceneDelegate.swift in Sources */,
			);
			runOnlyForDeploymentPostprocessing = 0;
		};
/* End PBXSourcesBuildPhase section */

/* Begin PBXVariantGroup section */
		E08A4A8025CC3B4E008C40C3 /* Main.storyboard */ = {
			isa = PBXVariantGroup;
			children = (
				E08A4A8125CC3B4E008C40C3 /* Base */,
			);
			name = Main.storyboard;
			sourceTree = "<group>";
		};
		E08A4A8525CC3B4F008C40C3 /* LaunchScreen.storyboard */ = {
			isa = PBXVariantGroup;
			children = (
				E08A4A8625CC3B4F008C40C3 /* Base */,
			);
			name = LaunchScreen.storyboard;
			sourceTree = "<group>";
		};
/* End PBXVariantGroup section */

/* Begin XCBuildConfiguration section */
		E08A4A8925CC3B4F008C40C3 /* Debug */ = {
			isa = XCBuildConfiguration;
			buildSettings = {
				ALWAYS_SEARCH_USER_PATHS = NO;
				CLANG_ANALYZER_NONNULL = YES;
				CLANG_ANALYZER_NUMBER_OBJECT_CONVERSION = YES_AGGRESSIVE;
				CLANG_CXX_LANGUAGE_STANDARD = "gnu++14";
				CLANG_CXX_LIBRARY = "libc++";
				CLANG_ENABLE_MODULES = YES;
				CLANG_ENABLE_OBJC_ARC = YES;
				CLANG_ENABLE_OBJC_WEAK = YES;
				CLANG_WARN_BLOCK_CAPTURE_AUTORELEASING = YES;
				CLANG_WARN_BOOL_CONVERSION = YES;
				CLANG_WARN_COMMA = YES;
				CLANG_WARN_CONSTANT_CONVERSION = YES;
				CLANG_WARN_DEPRECATED_OBJC_IMPLEMENTATIONS = YES;
				CLANG_WARN_DIRECT_OBJC_ISA_USAGE = YES_ERROR;
				CLANG_WARN_DOCUMENTATION_COMMENTS = YES;
				CLANG_WARN_EMPTY_BODY = YES;
				CLANG_WARN_ENUM_CONVERSION = YES;
				CLANG_WARN_INFINITE_RECURSION = YES;
				CLANG_WARN_INT_CONVERSION = YES;
				CLANG_WARN_NON_LITERAL_NULL_CONVERSION = YES;
				CLANG_WARN_OBJC_IMPLICIT_RETAIN_SELF = YES;
				CLANG_WARN_OBJC_LITERAL_CONVERSION = YES;
				CLANG_WARN_OBJC_ROOT_CLASS = YES_ERROR;
				CLANG_WARN_QUOTED_INCLUDE_IN_FRAMEWORK_HEADER = YES;
				CLANG_WARN_RANGE_LOOP_ANALYSIS = YES;
				CLANG_WARN_STRICT_PROTOTYPES = YES;
				CLANG_WARN_SUSPICIOUS_MOVE = YES;
				CLANG_WARN_UNGUARDED_AVAILABILITY = YES_AGGRESSIVE;
				CLANG_WARN_UNREACHABLE_CODE = YES;
				CLANG_WARN__DUPLICATE_METHOD_MATCH = YES;
				COPY_PHASE_STRIP = NO;
				DEBUG_INFORMATION_FORMAT = dwarf;
				ENABLE_STRICT_OBJC_MSGSEND = YES;
				ENABLE_TESTABILITY = YES;
				GCC_C_LANGUAGE_STANDARD = gnu11;
				GCC_DYNAMIC_NO_PIC = NO;
				GCC_NO_COMMON_BLOCKS = YES;
				GCC_OPTIMIZATION_LEVEL = 0;
				GCC_PREPROCESSOR_DEFINITIONS = (
					"DEBUG=1",
					"$(inherited)",
				);
				GCC_WARN_64_TO_32_BIT_CONVERSION = YES;
				GCC_WARN_ABOUT_RETURN_TYPE = YES_ERROR;
				GCC_WARN_UNDECLARED_SELECTOR = YES;
				GCC_WARN_UNINITIALIZED_AUTOS = YES_AGGRESSIVE;
				GCC_WARN_UNUSED_FUNCTION = YES;
				GCC_WARN_UNUSED_VARIABLE = YES;
				IPHONEOS_DEPLOYMENT_TARGET = 14.4;
				MTL_ENABLE_DEBUG_INFO = INCLUDE_SOURCE;
				MTL_FAST_MATH = YES;
				ONLY_ACTIVE_ARCH = YES;
				SDKROOT = iphoneos;
				SWIFT_ACTIVE_COMPILATION_CONDITIONS = DEBUG;
				SWIFT_OPTIMIZATION_LEVEL = "-Onone";
			};
			name = Debug;
		};
		E08A4A8A25CC3B4F008C40C3 /* Release */ = {
			isa = XCBuildConfiguration;
			buildSettings = {
				ALWAYS_SEARCH_USER_PATHS = NO;
				CLANG_ANALYZER_NONNULL = YES;
				CLANG_ANALYZER_NUMBER_OBJECT_CONVERSION = YES_AGGRESSIVE;
				CLANG_CXX_LANGUAGE_STANDARD = "gnu++14";
				CLANG_CXX_LIBRARY = "libc++";
				CLANG_ENABLE_MODULES = YES;
				CLANG_ENABLE_OBJC_ARC = YES;
				CLANG_ENABLE_OBJC_WEAK = YES;
				CLANG_WARN_BLOCK_CAPTURE_AUTORELEASING = YES;
				CLANG_WARN_BOOL_CONVERSION = YES;
				CLANG_WARN_COMMA = YES;
				CLANG_WARN_CONSTANT_CONVERSION = YES;
				CLANG_WARN_DEPRECATED_OBJC_IMPLEMENTATIONS = YES;
				CLANG_WARN_DIRECT_OBJC_ISA_USAGE = YES_ERROR;
				CLANG_WARN_DOCUMENTATION_COMMENTS = YES;
				CLANG_WARN_EMPTY_BODY = YES;
				CLANG_WARN_ENUM_CONVERSION = YES;
				CLANG_WARN_INFINITE_RECURSION = YES;
				CLANG_WARN_INT_CONVERSION = YES;
				CLANG_WARN_NON_LITERAL_NULL_CONVERSION = YES;
				CLANG_WARN_OBJC_IMPLICIT_RETAIN_SELF = YES;
				CLANG_WARN_OBJC_LITERAL_CONVERSION = YES;
				CLANG_WARN_OBJC_ROOT_CLASS = YES_ERROR;
				CLANG_WARN_QUOTED_INCLUDE_IN_FRAMEWORK_HEADER = YES;
				CLANG_WARN_RANGE_LOOP_ANALYSIS = YES;
				CLANG_WARN_STRICT_PROTOTYPES = YES;
				CLANG_WARN_SUSPICIOUS_MOVE = YES;
				CLANG_WARN_UNGUARDED_AVAILABILITY = YES_AGGRESSIVE;
				CLANG_WARN_UNREACHABLE_CODE = YES;
				CLANG_WARN__DUPLICATE_METHOD_MATCH = YES;
				COPY_PHASE_STRIP = NO;
				DEBUG_INFORMATION_FORMAT = "dwarf-with-dsym";
				ENABLE_NS_ASSERTIONS = NO;
				ENABLE_STRICT_OBJC_MSGSEND = YES;
				GCC_C_LANGUAGE_STANDARD = gnu11;
				GCC_NO_COMMON_BLOCKS = YES;
				GCC_WARN_64_TO_32_BIT_CONVERSION = YES;
				GCC_WARN_ABOUT_RETURN_TYPE = YES_ERROR;
				GCC_WARN_UNDECLARED_SELECTOR = YES;
				GCC_WARN_UNINITIALIZED_AUTOS = YES_AGGRESSIVE;
				GCC_WARN_UNUSED_FUNCTION = YES;
				GCC_WARN_UNUSED_VARIABLE = YES;
				IPHONEOS_DEPLOYMENT_TARGET = 14.4;
				MTL_ENABLE_DEBUG_INFO = NO;
				MTL_FAST_MATH = YES;
				SDKROOT = iphoneos;
				SWIFT_COMPILATION_MODE = wholemodule;
				SWIFT_OPTIMIZATION_LEVEL = "-O";
				VALIDATE_PRODUCT = YES;
			};
			name = Release;
		};
		E08A4A8C25CC3B4F008C40C3 /* Debug */ = {
			isa = XCBuildConfiguration;
			baseConfigurationReference = 7B9FD1A2933AAAB4C38F02B9 /* Pods-testtest.debug.xcconfig */;
			buildSettings = {
				ASSETCATALOG_COMPILER_APPICON_NAME = AppIcon;
				ASSETCATALOG_COMPILER_GLOBAL_ACCENT_COLOR_NAME = AccentColor;
				CODE_SIGN_STYLE = Automatic;
				DEVELOPMENT_TEAM = SS7U83UJNK;
				INFOPLIST_FILE = testtest/Info.plist;
				IPHONEOS_DEPLOYMENT_TARGET = 13.0;
				LD_RUNPATH_SEARCH_PATHS = (
					"$(inherited)",
					"@executable_path/Frameworks",
				);
				PRODUCT_BUNDLE_IDENTIFIER = com.jake.testtest;
				PRODUCT_NAME = "$(TARGET_NAME)";
				SWIFT_VERSION = 5.0;
				TARGETED_DEVICE_FAMILY = "1,2";
			};
			name = Debug;
		};
		E08A4A8D25CC3B4F008C40C3 /* Release */ = {
			isa = XCBuildConfiguration;
			baseConfigurationReference = 4EB98F1E2923E070944FB9FB /* Pods-testtest.release.xcconfig */;
			buildSettings = {
				ASSETCATALOG_COMPILER_APPICON_NAME = AppIcon;
				ASSETCATALOG_COMPILER_GLOBAL_ACCENT_COLOR_NAME = AccentColor;
				CODE_SIGN_STYLE = Automatic;
				DEVELOPMENT_TEAM = SS7U83UJNK;
				INFOPLIST_FILE = testtest/Info.plist;
				IPHONEOS_DEPLOYMENT_TARGET = 13.0;
				LD_RUNPATH_SEARCH_PATHS = (
					"$(inherited)",
					"@executable_path/Frameworks",
				);
				PRODUCT_BUNDLE_IDENTIFIER = com.jake.testtest;
				PRODUCT_NAME = "$(TARGET_NAME)";
				SWIFT_VERSION = 5.0;
				TARGETED_DEVICE_FAMILY = "1,2";
			};
			name = Release;
		};
/* End XCBuildConfiguration section */

/* Begin XCConfigurationList section */
		E08A4A7225CC3B4E008C40C3 /* Build configuration list for PBXProject "testtest" */ = {
			isa = XCConfigurationList;
			buildConfigurations = (
				E08A4A8925CC3B4F008C40C3 /* Debug */,
				E08A4A8A25CC3B4F008C40C3 /* Release */,
			);
			defaultConfigurationIsVisible = 0;
			defaultConfigurationName = Release;
		};
		E08A4A8B25CC3B4F008C40C3 /* Build configuration list for PBXNativeTarget "testtest" */ = {
			isa = XCConfigurationList;
			buildConfigurations = (
				E08A4A8C25CC3B4F008C40C3 /* Debug */,
				E08A4A8D25CC3B4F008C40C3 /* Release */,
			);
			defaultConfigurationIsVisible = 0;
			defaultConfigurationName = Release;
		};
/* End XCConfigurationList section */
	};
	rootObject = E08A4A6F25CC3B4E008C40C3 /* Project object */;
}
